
Microsoft Visual Studio Solution File, Format Version 12.00
# Visual Studio Version 17
VisualStudioVersion = 17.0.31903.59
MinimumVisualStudioVersion = 10.0.40219.1
Project("{2150E333-8FDC-42A3-9474-1A3956D46DE8}") = "src", "src", "{C0015D91-C406-4B50-A9CD-9C9DFC908024}"
EndProject
Project("{FAE04EC0-301F-11D3-BF4B-00C04F79EFBC}") = "Core", "src\Core\Core.csproj", "{B39E0007-C84A-4041-95BD-7CFF97C222B5}"
EndProject
Project("{FAE04EC0-301F-11D3-BF4B-00C04F79EFBC}") = "Infrastructure", "src\Infrastructure\Infrastructure.csproj", "{DD420B31-5A10-4982-AFA5-A367A63C233A}"
EndProject
Project("{FAE04EC0-301F-11D3-BF4B-00C04F79EFBC}") = "Web", "src\Web\Web.csproj", "{326CBD2D-F82B-4695-BF46-908C34134D76}"
EndProject
Project("{2150E333-8FDC-42A3-9474-1A3956D46DE8}") = "tests", "tests", "{48DF0BFC-C784-4920-BE52-AA17C4E56D43}"
EndProject
Project("{2150E333-8FDC-42A3-9474-1A3956D46DE8}") = "POC.UnitTest", "POC.UnitTest", "{4D2949DF-959B-4E71-96E1-4BE6E4AE88F6}"
EndProject
Project("{FAE04EC0-301F-11D3-BF4B-00C04F79EFBC}") = "Core.Test", "tests\POC.UnitTest\Core.Test\Core.Test.csproj", "{93138387-238D-4B60-8EAF-9D18D22D63F8}"
EndProject
Project("{FAE04EC0-301F-11D3-BF4B-00C04F79EFBC}") = "Infrastructure.Test", "tests\POC.UnitTest\Infrastructure.Test\Infrastructure.Test.csproj", "{E8950660-254B-4F0E-B469-1CE2E6D1FCCC}"
EndProject
Project("{FAE04EC0-301F-11D3-BF4B-00C04F79EFBC}") = "Web.Test", "tests\POC.UnitTest\Web.Test\Web.Test.csproj", "{997A5683-1D68-4A4E-9A9C-D35CCF261CAE}"
EndProject
Global
	GlobalSection(SolutionConfigurationPlatforms) = preSolution
		Debug|Any CPU = Debug|Any CPU
		Release|Any CPU = Release|Any CPU
	EndGlobalSection
	GlobalSection(SolutionProperties) = preSolution
		HideSolutionNode = FALSE
	EndGlobalSection
	GlobalSection(ProjectConfigurationPlatforms) = postSolution
		{B39E0007-C84A-4041-95BD-7CFF97C222B5}.Debug|Any CPU.ActiveCfg = Debug|Any CPU
		{B39E0007-C84A-4041-95BD-7CFF97C222B5}.Debug|Any CPU.Build.0 = Debug|Any CPU
		{B39E0007-C84A-4041-95BD-7CFF97C222B5}.Release|Any CPU.ActiveCfg = Release|Any CPU
		{B39E0007-C84A-4041-95BD-7CFF97C222B5}.Release|Any CPU.Build.0 = Release|Any CPU
		{DD420B31-5A10-4982-AFA5-A367A63C233A}.Debug|Any CPU.ActiveCfg = Debug|Any CPU
		{DD420B31-5A10-4982-AFA5-A367A63C233A}.Debug|Any CPU.Build.0 = Debug|Any CPU
		{DD420B31-5A10-4982-AFA5-A367A63C233A}.Release|Any CPU.ActiveCfg = Release|Any CPU
		{DD420B31-5A10-4982-AFA5-A367A63C233A}.Release|Any CPU.Build.0 = Release|Any CPU
		{326CBD2D-F82B-4695-BF46-908C34134D76}.Debug|Any CPU.ActiveCfg = Debug|Any CPU
		{326CBD2D-F82B-4695-BF46-908C34134D76}.Debug|Any CPU.Build.0 = Debug|Any CPU
		{326CBD2D-F82B-4695-BF46-908C34134D76}.Release|Any CPU.ActiveCfg = Release|Any CPU
		{326CBD2D-F82B-4695-BF46-908C34134D76}.Release|Any CPU.Build.0 = Release|Any CPU
		{93138387-238D-4B60-8EAF-9D18D22D63F8}.Debug|Any CPU.ActiveCfg = Debug|Any CPU
		{93138387-238D-4B60-8EAF-9D18D22D63F8}.Debug|Any CPU.Build.0 = Debug|Any CPU
		{93138387-238D-4B60-8EAF-9D18D22D63F8}.Release|Any CPU.ActiveCfg = Release|Any CPU
		{93138387-238D-4B60-8EAF-9D18D22D63F8}.Release|Any CPU.Build.0 = Release|Any CPU
		{E8950660-254B-4F0E-B469-1CE2E6D1FCCC}.Debug|Any CPU.ActiveCfg = Debug|Any CPU
		{E8950660-254B-4F0E-B469-1CE2E6D1FCCC}.Debug|Any CPU.Build.0 = Debug|Any CPU
		{E8950660-254B-4F0E-B469-1CE2E6D1FCCC}.Release|Any CPU.ActiveCfg = Release|Any CPU
		{E8950660-254B-4F0E-B469-1CE2E6D1FCCC}.Release|Any CPU.Build.0 = Release|Any CPU
		{997A5683-1D68-4A4E-9A9C-D35CCF261CAE}.Debug|Any CPU.ActiveCfg = Debug|Any CPU
		{997A5683-1D68-4A4E-9A9C-D35CCF261CAE}.Debug|Any CPU.Build.0 = Debug|Any CPU
		{997A5683-1D68-4A4E-9A9C-D35CCF261CAE}.Release|Any CPU.ActiveCfg = Release|Any CPU
		{997A5683-1D68-4A4E-9A9C-D35CCF261CAE}.Release|Any CPU.Build.0 = Release|Any CPU
	EndGlobalSection
	GlobalSection(NestedProjects) = preSolution
		{B39E0007-C84A-4041-95BD-7CFF97C222B5} = {C0015D91-C406-4B50-A9CD-9C9DFC908024}
		{DD420B31-5A10-4982-AFA5-A367A63C233A} = {C0015D91-C406-4B50-A9CD-9C9DFC908024}
		{326CBD2D-F82B-4695-BF46-908C34134D76} = {C0015D91-C406-4B50-A9CD-9C9DFC908024}
		{4D2949DF-959B-4E71-96E1-4BE6E4AE88F6} = {48DF0BFC-C784-4920-BE52-AA17C4E56D43}
		{93138387-238D-4B60-8EAF-9D18D22D63F8} = {4D2949DF-959B-4E71-96E1-4BE6E4AE88F6}
		{E8950660-254B-4F0E-B469-1CE2E6D1FCCC} = {4D2949DF-959B-4E71-96E1-4BE6E4AE88F6}
		{997A5683-1D68-4A4E-9A9C-D35CCF261CAE} = {4D2949DF-959B-4E71-96E1-4BE6E4AE88F6}
	EndGlobalSection
EndGlobal
